
Microsoft Visual Studio Solution File, Format Version 12.00
# Visual Studio Version 16
VisualStudioVersion = 16.0.30717.126
MinimumVisualStudioVersion = 10.0.40219.1
Project("{FAE04EC0-301F-11D3-BF4B-00C04F79EFBC}") = "Task1", "Task1.csproj", "{B6C665C4-C934-448D-8918-957709899069}"
EndProject
Project("{FAE04EC0-301F-11D3-BF4B-00C04F79EFBC}") = "ConsoleApp1", "..\ConsoleApp1\ConsoleApp1.csproj", "{476AF69B-F16C-4871-AA11-E51F79ED765F}"
EndProject
Global
	GlobalSection(SolutionConfigurationPlatforms) = preSolution
		Debug|Any CPU = Debug|Any CPU
		Release|Any CPU = Release|Any CPU
	EndGlobalSection
	GlobalSection(ProjectConfigurationPlatforms) = postSolution
		{B6C665C4-C934-448D-8918-957709899069}.Debug|Any CPU.ActiveCfg = Debug|Any CPU
		{B6C665C4-C934-448D-8918-957709899069}.Debug|Any CPU.Build.0 = Debug|Any CPU
		{B6C665C4-C934-448D-8918-957709899069}.Release|Any CPU.ActiveCfg = Release|Any CPU
		{B6C665C4-C934-448D-8918-957709899069}.Release|Any CPU.Build.0 = Release|Any CPU
		{476AF69B-F16C-4871-AA11-E51F79ED765F}.Debug|Any CPU.ActiveCfg = Debug|Any CPU
		{476AF69B-F16C-4871-AA11-E51F79ED765F}.Debug|Any CPU.Build.0 = Debug|Any CPU
		{476AF69B-F16C-4871-AA11-E51F79ED765F}.Release|Any CPU.ActiveCfg = Release|Any CPU
		{476AF69B-F16C-4871-AA11-E51F79ED765F}.Release|Any CPU.Build.0 = Release|Any CPU
	EndGlobalSection
	GlobalSection(SolutionProperties) = preSolution
		HideSolutionNode = FALSE
	EndGlobalSection
	GlobalSection(ExtensibilityGlobals) = postSolution
		SolutionGuid = {3C8A1A79-0E2F-4603-84B9-B4838D862263}
	EndGlobalSection
EndGlobal
