
Microsoft Visual Studio Solution File, Format Version 12.00
# Visual Studio Version 16
VisualStudioVersion = 16.0.30717.126
MinimumVisualStudioVersion = 10.0.40219.1
Project("{FAE04EC0-301F-11D3-BF4B-00C04F79EFBC}") = "Task1", "Task1.csproj", "{54932277-E9E5-45FD-B89E-AA90DFE98CA8}"
EndProject
Project("{FAE04EC0-301F-11D3-BF4B-00C04F79EFBC}") = "Task2", "..\Task2\Task2.csproj", "{EB72CAE3-2DA8-4C6D-B0F7-7C163010B082}"
EndProject
Global
	GlobalSection(SolutionConfigurationPlatforms) = preSolution
		Debug|Any CPU = Debug|Any CPU
		Release|Any CPU = Release|Any CPU
	EndGlobalSection
	GlobalSection(ProjectConfigurationPlatforms) = postSolution
		{54932277-E9E5-45FD-B89E-AA90DFE98CA8}.Debug|Any CPU.ActiveCfg = Debug|Any CPU
		{54932277-E9E5-45FD-B89E-AA90DFE98CA8}.Debug|Any CPU.Build.0 = Debug|Any CPU
		{54932277-E9E5-45FD-B89E-AA90DFE98CA8}.Release|Any CPU.ActiveCfg = Release|Any CPU
		{54932277-E9E5-45FD-B89E-AA90DFE98CA8}.Release|Any CPU.Build.0 = Release|Any CPU
		{EB72CAE3-2DA8-4C6D-B0F7-7C163010B082}.Debug|Any CPU.ActiveCfg = Debug|Any CPU
		{EB72CAE3-2DA8-4C6D-B0F7-7C163010B082}.Debug|Any CPU.Build.0 = Debug|Any CPU
		{EB72CAE3-2DA8-4C6D-B0F7-7C163010B082}.Release|Any CPU.ActiveCfg = Release|Any CPU
		{EB72CAE3-2DA8-4C6D-B0F7-7C163010B082}.Release|Any CPU.Build.0 = Release|Any CPU
	EndGlobalSection
	GlobalSection(SolutionProperties) = preSolution
		HideSolutionNode = FALSE
	EndGlobalSection
	GlobalSection(ExtensibilityGlobals) = postSolution
		SolutionGuid = {56A221ED-B49C-4C9D-8F7F-A0503AF5E359}
	EndGlobalSection
EndGlobal
